
Microsoft Visual Studio Solution File, Format Version 12.00
# Visual Studio Version 16
VisualStudioVersion = 16.0.30517.126
MinimumVisualStudioVersion = 10.0.40219.1
Project("{FAE04EC0-301F-11D3-BF4B-00C04F79EFBC}") = "HoarderApp.Android", "HoarderApp.Android\HoarderApp.Android.csproj", "{940CA9DE-3E7F-45AA-8D27-6F3D4E319123}"
EndProject
Project("{FAE04EC0-301F-11D3-BF4B-00C04F79EFBC}") = "HoarderApp.iOS", "HoarderApp.iOS\HoarderApp.iOS.csproj", "{61676D58-E37C-47A5-91F4-503DF0C534AF}"
EndProject
Project("{FAE04EC0-301F-11D3-BF4B-00C04F79EFBC}") = "HoarderApp", "HoarderApp\HoarderApp.csproj", "{392B3A90-F524-4035-9B07-068AB5CD5987}"
EndProject
Global
	GlobalSection(SolutionConfigurationPlatforms) = preSolution
		Debug|Any CPU = Debug|Any CPU
		Debug|iPhone = Debug|iPhone
		Debug|iPhoneSimulator = Debug|iPhoneSimulator
		Release|Any CPU = Release|Any CPU
		Release|iPhone = Release|iPhone
		Release|iPhoneSimulator = Release|iPhoneSimulator
	EndGlobalSection
	GlobalSection(ProjectConfigurationPlatforms) = postSolution
		{940CA9DE-3E7F-45AA-8D27-6F3D4E319123}.Debug|Any CPU.ActiveCfg = Debug|Any CPU
		{940CA9DE-3E7F-45AA-8D27-6F3D4E319123}.Debug|Any CPU.Build.0 = Debug|Any CPU
		{940CA9DE-3E7F-45AA-8D27-6F3D4E319123}.Debug|Any CPU.Deploy.0 = Debug|Any CPU
		{940CA9DE-3E7F-45AA-8D27-6F3D4E319123}.Debug|iPhone.ActiveCfg = Debug|Any CPU
		{940CA9DE-3E7F-45AA-8D27-6F3D4E319123}.Debug|iPhone.Build.0 = Debug|Any CPU
		{940CA9DE-3E7F-45AA-8D27-6F3D4E319123}.Debug|iPhone.Deploy.0 = Debug|Any CPU
		{940CA9DE-3E7F-45AA-8D27-6F3D4E319123}.Debug|iPhoneSimulator.ActiveCfg = Debug|Any CPU
		{940CA9DE-3E7F-45AA-8D27-6F3D4E319123}.Debug|iPhoneSimulator.Build.0 = Debug|Any CPU
		{940CA9DE-3E7F-45AA-8D27-6F3D4E319123}.Debug|iPhoneSimulator.Deploy.0 = Debug|Any CPU
		{940CA9DE-3E7F-45AA-8D27-6F3D4E319123}.Release|Any CPU.ActiveCfg = Release|Any CPU
		{940CA9DE-3E7F-45AA-8D27-6F3D4E319123}.Release|Any CPU.Build.0 = Release|Any CPU
		{940CA9DE-3E7F-45AA-8D27-6F3D4E319123}.Release|Any CPU.Deploy.0 = Release|Any CPU
		{940CA9DE-3E7F-45AA-8D27-6F3D4E319123}.Release|iPhone.ActiveCfg = Release|Any CPU
		{940CA9DE-3E7F-45AA-8D27-6F3D4E319123}.Release|iPhone.Build.0 = Release|Any CPU
		{940CA9DE-3E7F-45AA-8D27-6F3D4E319123}.Release|iPhone.Deploy.0 = Release|Any CPU
		{940CA9DE-3E7F-45AA-8D27-6F3D4E319123}.Release|iPhoneSimulator.ActiveCfg = Release|Any CPU
		{940CA9DE-3E7F-45AA-8D27-6F3D4E319123}.Release|iPhoneSimulator.Build.0 = Release|Any CPU
		{940CA9DE-3E7F-45AA-8D27-6F3D4E319123}.Release|iPhoneSimulator.Deploy.0 = Release|Any CPU
		{61676D58-E37C-47A5-91F4-503DF0C534AF}.Debug|Any CPU.ActiveCfg = Debug|iPhone
		{61676D58-E37C-47A5-91F4-503DF0C534AF}.Debug|Any CPU.Build.0 = Debug|iPhone
		{61676D58-E37C-47A5-91F4-503DF0C534AF}.Debug|Any CPU.Deploy.0 = Debug|iPhone
		{61676D58-E37C-47A5-91F4-503DF0C534AF}.Debug|iPhone.ActiveCfg = Debug|iPhone
		{61676D58-E37C-47A5-91F4-503DF0C534AF}.Debug|iPhone.Build.0 = Debug|iPhone
		{61676D58-E37C-47A5-91F4-503DF0C534AF}.Debug|iPhone.Deploy.0 = Debug|iPhone
		{61676D58-E37C-47A5-91F4-503DF0C534AF}.Debug|iPhoneSimulator.ActiveCfg = Debug|iPhoneSimulator
		{61676D58-E37C-47A5-91F4-503DF0C534AF}.Debug|iPhoneSimulator.Build.0 = Debug|iPhoneSimulator
		{61676D58-E37C-47A5-91F4-503DF0C534AF}.Debug|iPhoneSimulator.Deploy.0 = Debug|iPhoneSimulator
		{61676D58-E37C-47A5-91F4-503DF0C534AF}.Release|Any CPU.ActiveCfg = Release|iPhoneSimulator
		{61676D58-E37C-47A5-91F4-503DF0C534AF}.Release|Any CPU.Build.0 = Release|iPhoneSimulator
		{61676D58-E37C-47A5-91F4-503DF0C534AF}.Release|Any CPU.Deploy.0 = Release|iPhoneSimulator
		{61676D58-E37C-47A5-91F4-503DF0C534AF}.Release|iPhone.ActiveCfg = Release|iPhone
		{61676D58-E37C-47A5-91F4-503DF0C534AF}.Release|iPhone.Build.0 = Release|iPhone
		{61676D58-E37C-47A5-91F4-503DF0C534AF}.Release|iPhone.Deploy.0 = Release|iPhone
		{61676D58-E37C-47A5-91F4-503DF0C534AF}.Release|iPhoneSimulator.ActiveCfg = Release|iPhoneSimulator
		{61676D58-E37C-47A5-91F4-503DF0C534AF}.Release|iPhoneSimulator.Build.0 = Release|iPhoneSimulator
		{61676D58-E37C-47A5-91F4-503DF0C534AF}.Release|iPhoneSimulator.Deploy.0 = Release|iPhoneSimulator
		{392B3A90-F524-4035-9B07-068AB5CD5987}.Debug|Any CPU.ActiveCfg = Debug|Any CPU
		{392B3A90-F524-4035-9B07-068AB5CD5987}.Debug|Any CPU.Build.0 = Debug|Any CPU
		{392B3A90-F524-4035-9B07-068AB5CD5987}.Debug|Any CPU.Deploy.0 = Debug|Any CPU
		{392B3A90-F524-4035-9B07-068AB5CD5987}.Debug|iPhone.ActiveCfg = Debug|Any CPU
		{392B3A90-F524-4035-9B07-068AB5CD5987}.Debug|iPhone.Build.0 = Debug|Any CPU
		{392B3A90-F524-4035-9B07-068AB5CD5987}.Debug|iPhone.Deploy.0 = Debug|Any CPU
		{392B3A90-F524-4035-9B07-068AB5CD5987}.Debug|iPhoneSimulator.ActiveCfg = Debug|Any CPU
		{392B3A90-F524-4035-9B07-068AB5CD5987}.Debug|iPhoneSimulator.Build.0 = Debug|Any CPU
		{392B3A90-F524-4035-9B07-068AB5CD5987}.Debug|iPhoneSimulator.Deploy.0 = Debug|Any CPU
		{392B3A90-F524-4035-9B07-068AB5CD5987}.Release|Any CPU.ActiveCfg = Release|Any CPU
		{392B3A90-F524-4035-9B07-068AB5CD5987}.Release|Any CPU.Build.0 = Release|Any CPU
		{392B3A90-F524-4035-9B07-068AB5CD5987}.Release|Any CPU.Deploy.0 = Release|Any CPU
		{392B3A90-F524-4035-9B07-068AB5CD5987}.Release|iPhone.ActiveCfg = Release|Any CPU
		{392B3A90-F524-4035-9B07-068AB5CD5987}.Release|iPhone.Build.0 = Release|Any CPU
		{392B3A90-F524-4035-9B07-068AB5CD5987}.Release|iPhone.Deploy.0 = Release|Any CPU
		{392B3A90-F524-4035-9B07-068AB5CD5987}.Release|iPhoneSimulator.ActiveCfg = Release|Any CPU
		{392B3A90-F524-4035-9B07-068AB5CD5987}.Release|iPhoneSimulator.Build.0 = Release|Any CPU
		{392B3A90-F524-4035-9B07-068AB5CD5987}.Release|iPhoneSimulator.Deploy.0 = Release|Any CPU
	EndGlobalSection
	GlobalSection(SolutionProperties) = preSolution
		HideSolutionNode = FALSE
	EndGlobalSection
	GlobalSection(ExtensibilityGlobals) = postSolution
		SolutionGuid = {4EB0B48D-0C48-4932-9D35-F343B7B46240}
	EndGlobalSection
EndGlobal
